// !$*UTF8*$!
{
	archiveVersion = 1;
	classes = {
	};
	objectVersion = 55;
	objects = {

/* Begin PBXBuildFile section */
		2D4BE9FD2809F6A900F470F6 /* AppDelegate.swift in Sources */ = {isa = PBXBuildFile; fileRef = 2D4BE9FC2809F6A900F470F6 /* AppDelegate.swift */; };
		2D4BE9FF2809F6A900F470F6 /* ViewController.swift in Sources */ = {isa = PBXBuildFile; fileRef = 2D4BE9FE2809F6A900F470F6 /* ViewController.swift */; };
		2D4BEA012809F6A900F470F6 /* Experience.rcproject in Sources */ = {isa = PBXBuildFile; fileRef = 2D4BEA002809F6A900F470F6 /* Experience.rcproject */; };
		2D4BEA042809F6A900F470F6 /* Main.storyboard in Resources */ = {isa = PBXBuildFile; fileRef = 2D4BEA022809F6A900F470F6 /* Main.storyboard */; };
		2D4BEA062809F6AA00F470F6 /* Assets.xcassets in Resources */ = {isa = PBXBuildFile; fileRef = 2D4BEA052809F6AA00F470F6 /* Assets.xcassets */; };
		2D4BEA092809F6AA00F470F6 /* LaunchScreen.storyboard in Resources */ = {isa = PBXBuildFile; fileRef = 2D4BEA072809F6AA00F470F6 /* LaunchScreen.storyboard */; };
		2D4BEA132809F6AA00F470F6 /* Previews_V2Tests.swift in Sources */ = {isa = PBXBuildFile; fileRef = 2D4BEA122809F6AA00F470F6 /* Previews_V2Tests.swift */; };
		2D4BEA1D2809F6AB00F470F6 /* Previews_V2UITests.swift in Sources */ = {isa = PBXBuildFile; fileRef = 2D4BEA1C2809F6AB00F470F6 /* Previews_V2UITests.swift */; };
		2D4BEA1F2809F6AB00F470F6 /* Previews_V2UITestsLaunchTests.swift in Sources */ = {isa = PBXBuildFile; fileRef = 2D4BEA1E2809F6AB00F470F6 /* Previews_V2UITestsLaunchTests.swift */; };
/* End PBXBuildFile section */

/* Begin PBXContainerItemProxy section */
		2D4BEA0F2809F6AA00F470F6 /* PBXContainerItemProxy */ = {
			isa = PBXContainerItemProxy;
			containerPortal = 2D4BE9F12809F6A900F470F6 /* Project object */;
			proxyType = 1;
			remoteGlobalIDString = 2D4BE9F82809F6A900F470F6;
			remoteInfo = "Previews V2";
		};
		2D4BEA192809F6AA00F470F6 /* PBXContainerItemProxy */ = {
			isa = PBXContainerItemProxy;
			containerPortal = 2D4BE9F12809F6A900F470F6 /* Project object */;
			proxyType = 1;
			remoteGlobalIDString = 2D4BE9F82809F6A900F470F6;
			remoteInfo = "Previews V2";
		};
/* End PBXContainerItemProxy section */

/* Begin PBXFileReference section */
		2D4BE9F92809F6A900F470F6 /* Previews V2.app */ = {isa = PBXFileReference; explicitFileType = wrapper.application; includeInIndex = 0; path = "Previews V2.app"; sourceTree = BUILT_PRODUCTS_DIR; };
		2D4BE9FC2809F6A900F470F6 /* AppDelegate.swift */ = {isa = PBXFileReference; lastKnownFileType = sourcecode.swift; path = AppDelegate.swift; sourceTree = "<group>"; };
		2D4BE9FE2809F6A900F470F6 /* ViewController.swift */ = {isa = PBXFileReference; lastKnownFileType = sourcecode.swift; path = ViewController.swift; sourceTree = "<group>"; };
		2D4BEA002809F6A900F470F6 /* Experience.rcproject */ = {isa = PBXFileReference; lastKnownFileType = file.rcproject; path = Experience.rcproject; sourceTree = "<group>"; };
		2D4BEA032809F6A900F470F6 /* Base */ = {isa = PBXFileReference; lastKnownFileType = file.storyboard; name = Base; path = Base.lproj/Main.storyboard; sourceTree = "<group>"; };
		2D4BEA052809F6AA00F470F6 /* Assets.xcassets */ = {isa = PBXFileReference; lastKnownFileType = folder.assetcatalog; path = Assets.xcassets; sourceTree = "<group>"; };
		2D4BEA082809F6AA00F470F6 /* Base */ = {isa = PBXFileReference; lastKnownFileType = file.storyboard; name = Base; path = Base.lproj/LaunchScreen.storyboard; sourceTree = "<group>"; };
		2D4BEA0E2809F6AA00F470F6 /* Previews V2Tests.xctest */ = {isa = PBXFileReference; explicitFileType = wrapper.cfbundle; includeInIndex = 0; path = "Previews V2Tests.xctest"; sourceTree = BUILT_PRODUCTS_DIR; };
		2D4BEA122809F6AA00F470F6 /* Previews_V2Tests.swift */ = {isa = PBXFileReference; lastKnownFileType = sourcecode.swift; path = Previews_V2Tests.swift; sourceTree = "<group>"; };
		2D4BEA182809F6AA00F470F6 /* Previews V2UITests.xctest */ = {isa = PBXFileReference; explicitFileType = wrapper.cfbundle; includeInIndex = 0; path = "Previews V2UITests.xctest"; sourceTree = BUILT_PRODUCTS_DIR; };
		2D4BEA1C2809F6AB00F470F6 /* Previews_V2UITests.swift */ = {isa = PBXFileReference; lastKnownFileType = sourcecode.swift; path = Previews_V2UITests.swift; sourceTree = "<group>"; };
		2D4BEA1E2809F6AB00F470F6 /* Previews_V2UITestsLaunchTests.swift */ = {isa = PBXFileReference; lastKnownFileType = sourcecode.swift; path = Previews_V2UITestsLaunchTests.swift; sourceTree = "<group>"; };
/* End PBXFileReference section */

/* Begin PBXFrameworksBuildPhase section */
		2D4BE9F62809F6A900F470F6 /* Frameworks */ = {
			isa = PBXFrameworksBuildPhase;
			buildActionMask = 2147483647;
			files = (
			);
			runOnlyForDeploymentPostprocessing = 0;
		};
		2D4BEA0B2809F6AA00F470F6 /* Frameworks */ = {
			isa = PBXFrameworksBuildPhase;
			buildActionMask = 2147483647;
			files = (
			);
			runOnlyForDeploymentPostprocessing = 0;
		};
		2D4BEA152809F6AA00F470F6 /* Frameworks */ = {
			isa = PBXFrameworksBuildPhase;
			buildActionMask = 2147483647;
			files = (
			);
			runOnlyForDeploymentPostprocessing = 0;
		};
/* End PBXFrameworksBuildPhase section */

/* Begin PBXGroup section */
		2D4BE9F02809F6A900F470F6 = {
			isa = PBXGroup;
			children = (
				2D4BE9FB2809F6A900F470F6 /* Previews V2 */,
				2D4BEA112809F6AA00F470F6 /* Previews V2Tests */,
				2D4BEA1B2809F6AB00F470F6 /* Previews V2UITests */,
				2D4BE9FA2809F6A900F470F6 /* Products */,
			);
			sourceTree = "<group>";
		};
		2D4BE9FA2809F6A900F470F6 /* Products */ = {
			isa = PBXGroup;
			children = (
				2D4BE9F92809F6A900F470F6 /* Previews V2.app */,
				2D4BEA0E2809F6AA00F470F6 /* Previews V2Tests.xctest */,
				2D4BEA182809F6AA00F470F6 /* Previews V2UITests.xctest */,
			);
			name = Products;
			sourceTree = "<group>";
		};
		2D4BE9FB2809F6A900F470F6 /* Previews V2 */ = {
			isa = PBXGroup;
			children = (
				2D4BE9FC2809F6A900F470F6 /* AppDelegate.swift */,
				2D4BE9FE2809F6A900F470F6 /* ViewController.swift */,
				2D4BEA002809F6A900F470F6 /* Experience.rcproject */,
				2D4BEA022809F6A900F470F6 /* Main.storyboard */,
				2D4BEA052809F6AA00F470F6 /* Assets.xcassets */,
				2D4BEA072809F6AA00F470F6 /* LaunchScreen.storyboard */,
			);
			path = "Previews V2";
			sourceTree = "<group>";
		};
		2D4BEA112809F6AA00F470F6 /* Previews V2Tests */ = {
			isa = PBXGroup;
			children = (
				2D4BEA122809F6AA00F470F6 /* Previews_V2Tests.swift */,
			);
			path = "Previews V2Tests";
			sourceTree = "<group>";
		};
		2D4BEA1B2809F6AB00F470F6 /* Previews V2UITests */ = {
			isa = PBXGroup;
			children = (
				2D4BEA1C2809F6AB00F470F6 /* Previews_V2UITests.swift */,
				2D4BEA1E2809F6AB00F470F6 /* Previews_V2UITestsLaunchTests.swift */,
			);
			path = "Previews V2UITests";
			sourceTree = "<group>";
		};
/* End PBXGroup section */

/* Begin PBXNativeTarget section */
		2D4BE9F82809F6A900F470F6 /* Previews V2 */ = {
			isa = PBXNativeTarget;
			buildConfigurationList = 2D4BEA222809F6AB00F470F6 /* Build configuration list for PBXNativeTarget "Previews V2" */;
			buildPhases = (
				2D4BE9F52809F6A900F470F6 /* Sources */,
				2D4BE9F62809F6A900F470F6 /* Frameworks */,
				2D4BE9F72809F6A900F470F6 /* Resources */,
			);
			buildRules = (
			);
			dependencies = (
			);
			name = "Previews V2";
			productName = "Previews V2";
			productReference = 2D4BE9F92809F6A900F470F6 /* Previews V2.app */;
			productType = "com.apple.product-type.application";
		};
		2D4BEA0D2809F6AA00F470F6 /* Previews V2Tests */ = {
			isa = PBXNativeTarget;
			buildConfigurationList = 2D4BEA252809F6AB00F470F6 /* Build configuration list for PBXNativeTarget "Previews V2Tests" */;
			buildPhases = (
				2D4BEA0A2809F6AA00F470F6 /* Sources */,
				2D4BEA0B2809F6AA00F470F6 /* Frameworks */,
				2D4BEA0C2809F6AA00F470F6 /* Resources */,
			);
			buildRules = (
			);
			dependencies = (
				2D4BEA102809F6AA00F470F6 /* PBXTargetDependency */,
			);
			name = "Previews V2Tests";
			productName = "Previews V2Tests";
			productReference = 2D4BEA0E2809F6AA00F470F6 /* Previews V2Tests.xctest */;
			productType = "com.apple.product-type.bundle.unit-test";
		};
		2D4BEA172809F6AA00F470F6 /* Previews V2UITests */ = {
			isa = PBXNativeTarget;
			buildConfigurationList = 2D4BEA282809F6AB00F470F6 /* Build configuration list for PBXNativeTarget "Previews V2UITests" */;
			buildPhases = (
				2D4BEA142809F6AA00F470F6 /* Sources */,
				2D4BEA152809F6AA00F470F6 /* Frameworks */,
				2D4BEA162809F6AA00F470F6 /* Resources */,
			);
			buildRules = (
			);
			dependencies = (
				2D4BEA1A2809F6AA00F470F6 /* PBXTargetDependency */,
			);
			name = "Previews V2UITests";
			productName = "Previews V2UITests";
			productReference = 2D4BEA182809F6AA00F470F6 /* Previews V2UITests.xctest */;
			productType = "com.apple.product-type.bundle.ui-testing";
		};
/* End PBXNativeTarget section */

/* Begin PBXProject section */
		2D4BE9F12809F6A900F470F6 /* Project object */ = {
			isa = PBXProject;
			attributes = {
				BuildIndependentTargetsInParallel = 1;
				LastSwiftUpdateCheck = 1320;
				LastUpgradeCheck = 1320;
				TargetAttributes = {
					2D4BE9F82809F6A900F470F6 = {
						CreatedOnToolsVersion = 13.2.1;
					};
					2D4BEA0D2809F6AA00F470F6 = {
						CreatedOnToolsVersion = 13.2.1;
						TestTargetID = 2D4BE9F82809F6A900F470F6;
					};
					2D4BEA172809F6AA00F470F6 = {
						CreatedOnToolsVersion = 13.2.1;
						TestTargetID = 2D4BE9F82809F6A900F470F6;
					};
				};
			};
			buildConfigurationList = 2D4BE9F42809F6A900F470F6 /* Build configuration list for PBXProject "Previews V2" */;
			compatibilityVersion = "Xcode 13.0";
			developmentRegion = en;
			hasScannedForEncodings = 0;
			knownRegions = (
				en,
				Base,
			);
			mainGroup = 2D4BE9F02809F6A900F470F6;
			productRefGroup = 2D4BE9FA2809F6A900F470F6 /* Products */;
			projectDirPath = "";
			projectRoot = "";
			targets = (
				2D4BE9F82809F6A900F470F6 /* Previews V2 */,
				2D4BEA0D2809F6AA00F470F6 /* Previews V2Tests */,
				2D4BEA172809F6AA00F470F6 /* Previews V2UITests */,
			);
		};
/* End PBXProject section */

/* Begin PBXResourcesBuildPhase section */
		2D4BE9F72809F6A900F470F6 /* Resources */ = {
			isa = PBXResourcesBuildPhase;
			buildActionMask = 2147483647;
			files = (
				2D4BEA092809F6AA00F470F6 /* LaunchScreen.storyboard in Resources */,
				2D4BEA062809F6AA00F470F6 /* Assets.xcassets in Resources */,
				2D4BEA042809F6A900F470F6 /* Main.storyboard in Resources */,
			);
			runOnlyForDeploymentPostprocessing = 0;
		};
		2D4BEA0C2809F6AA00F470F6 /* Resources */ = {
			isa = PBXResourcesBuildPhase;
			buildActionMask = 2147483647;
			files = (
			);
			runOnlyForDeploymentPostprocessing = 0;
		};
		2D4BEA162809F6AA00F470F6 /* Resources */ = {
			isa = PBXResourcesBuildPhase;
			buildActionMask = 2147483647;
			files = (
			);
			runOnlyForDeploymentPostprocessing = 0;
		};
/* End PBXResourcesBuildPhase section */

/* Begin PBXSourcesBuildPhase section */
		2D4BE9F52809F6A900F470F6 /* Sources */ = {
			isa = PBXSourcesBuildPhase;
			buildActionMask = 2147483647;
			files = (
				2D4BE9FF2809F6A900F470F6 /* ViewController.swift in Sources */,
				2D4BE9FD2809F6A900F470F6 /* AppDelegate.swift in Sources */,
				2D4BEA012809F6A900F470F6 /* Experience.rcproject in Sources */,
			);
			runOnlyForDeploymentPostprocessing = 0;
		};
		2D4BEA0A2809F6AA00F470F6 /* Sources */ = {
			isa = PBXSourcesBuildPhase;
			buildActionMask = 2147483647;
			files = (
				2D4BEA132809F6AA00F470F6 /* Previews_V2Tests.swift in Sources */,
			);
			runOnlyForDeploymentPostprocessing = 0;
		};
		2D4BEA142809F6AA00F470F6 /* Sources */ = {
			isa = PBXSourcesBuildPhase;
			buildActionMask = 2147483647;
			files = (
				2D4BEA1D2809F6AB00F470F6 /* Previews_V2UITests.swift in Sources */,
				2D4BEA1F2809F6AB00F470F6 /* Previews_V2UITestsLaunchTests.swift in Sources */,
			);
			runOnlyForDeploymentPostprocessing = 0;
		};
/* End PBXSourcesBuildPhase section */

/* Begin PBXTargetDependency section */
		2D4BEA102809F6AA00F470F6 /* PBXTargetDependency */ = {
			isa = PBXTargetDependency;
			target = 2D4BE9F82809F6A900F470F6 /* Previews V2 */;
			targetProxy = 2D4BEA0F2809F6AA00F470F6 /* PBXContainerItemProxy */;
		};
		2D4BEA1A2809F6AA00F470F6 /* PBXTargetDependency */ = {
			isa = PBXTargetDependency;
			target = 2D4BE9F82809F6A900F470F6 /* Previews V2 */;
			targetProxy = 2D4BEA192809F6AA00F470F6 /* PBXContainerItemProxy */;
		};
/* End PBXTargetDependency section */

/* Begin PBXVariantGroup section */
		2D4BEA022809F6A900F470F6 /* Main.storyboard */ = {
			isa = PBXVariantGroup;
			children = (
				2D4BEA032809F6A900F470F6 /* Base */,
			);
			name = Main.storyboard;
			sourceTree = "<group>";
		};
		2D4BEA072809F6AA00F470F6 /* LaunchScreen.storyboard */ = {
			isa = PBXVariantGroup;
			children = (
				2D4BEA082809F6AA00F470F6 /* Base */,
			);
			name = LaunchScreen.storyboard;
			sourceTree = "<group>";
		};
/* End PBXVariantGroup section */

/* Begin XCBuildConfiguration section */
		2D4BEA202809F6AB00F470F6 /* Debug */ = {
			isa = XCBuildConfiguration;
			buildSettings = {
				ALWAYS_SEARCH_USER_PATHS = NO;
				CLANG_ANALYZER_NONNULL = YES;
				CLANG_ANALYZER_NUMBER_OBJECT_CONVERSION = YES_AGGRESSIVE;
				CLANG_CXX_LANGUAGE_STANDARD = "gnu++17";
				CLANG_CXX_LIBRARY = "libc++";
				CLANG_ENABLE_MODULES = YES;
				CLANG_ENABLE_OBJC_ARC = YES;
				CLANG_ENABLE_OBJC_WEAK = YES;
				CLANG_WARN_BLOCK_CAPTURE_AUTORELEASING = YES;
				CLANG_WARN_BOOL_CONVERSION = YES;
				CLANG_WARN_COMMA = YES;
				CLANG_WARN_CONSTANT_CONVERSION = YES;
				CLANG_WARN_DEPRECATED_OBJC_IMPLEMENTATIONS = YES;
				CLANG_WARN_DIRECT_OBJC_ISA_USAGE = YES_ERROR;
				CLANG_WARN_DOCUMENTATION_COMMENTS = YES;
				CLANG_WARN_EMPTY_BODY = YES;
				CLANG_WARN_ENUM_CONVERSION = YES;
				CLANG_WARN_INFINITE_RECURSION = YES;
				CLANG_WARN_INT_CONVERSION = YES;
				CLANG_WARN_NON_LITERAL_NULL_CONVERSION = YES;
				CLANG_WARN_OBJC_IMPLICIT_RETAIN_SELF = YES;
				CLANG_WARN_OBJC_LITERAL_CONVERSION = YES;
				CLANG_WARN_OBJC_ROOT_CLASS = YES_ERROR;
				CLANG_WARN_QUOTED_INCLUDE_IN_FRAMEWORK_HEADER = YES;
				CLANG_WARN_RANGE_LOOP_ANALYSIS = YES;
				CLANG_WARN_STRICT_PROTOTYPES = YES;
				CLANG_WARN_SUSPICIOUS_MOVE = YES;
				CLANG_WARN_UNGUARDED_AVAILABILITY = YES_AGGRESSIVE;
				CLANG_WARN_UNREACHABLE_CODE = YES;
				CLANG_WARN__DUPLICATE_METHOD_MATCH = YES;
				COPY_PHASE_STRIP = NO;
				DEBUG_INFORMATION_FORMAT = dwarf;
				ENABLE_STRICT_OBJC_MSGSEND = YES;
				ENABLE_TESTABILITY = YES;
				GCC_C_LANGUAGE_STANDARD = gnu11;
				GCC_DYNAMIC_NO_PIC = NO;
				GCC_NO_COMMON_BLOCKS = YES;
				GCC_OPTIMIZATION_LEVEL = 0;
				GCC_PREPROCESSOR_DEFINITIONS = (
					"DEBUG=1",
					"$(inherited)",
				);
				GCC_WARN_64_TO_32_BIT_CONVERSION = YES;
				GCC_WARN_ABOUT_RETURN_TYPE = YES_ERROR;
				GCC_WARN_UNDECLARED_SELECTOR = YES;
				GCC_WARN_UNINITIALIZED_AUTOS = YES_AGGRESSIVE;
				GCC_WARN_UNUSED_FUNCTION = YES;
				GCC_WARN_UNUSED_VARIABLE = YES;
				IPHONEOS_DEPLOYMENT_TARGET = 15.2;
				MTL_ENABLE_DEBUG_INFO = INCLUDE_SOURCE;
				MTL_FAST_MATH = YES;
				ONLY_ACTIVE_ARCH = YES;
				SDKROOT = iphoneos;
				SWIFT_ACTIVE_COMPILATION_CONDITIONS = DEBUG;
				SWIFT_OPTIMIZATION_LEVEL = "-Onone";
			};
			name = Debug;
		};
		2D4BEA212809F6AB00F470F6 /* Release */ = {
			isa = XCBuildConfiguration;
			buildSettings = {
				ALWAYS_SEARCH_USER_PATHS = NO;
				CLANG_ANALYZER_NONNULL = YES;
				CLANG_ANALYZER_NUMBER_OBJECT_CONVERSION = YES_AGGRESSIVE;
				CLANG_CXX_LANGUAGE_STANDARD = "gnu++17";
				CLANG_CXX_LIBRARY = "libc++";
				CLANG_ENABLE_MODULES = YES;
				CLANG_ENABLE_OBJC_ARC = YES;
				CLANG_ENABLE_OBJC_WEAK = YES;
				CLANG_WARN_BLOCK_CAPTURE_AUTORELEASING = YES;
				CLANG_WARN_BOOL_CONVERSION = YES;
				CLANG_WARN_COMMA = YES;
				CLANG_WARN_CONSTANT_CONVERSION = YES;
				CLANG_WARN_DEPRECATED_OBJC_IMPLEMENTATIONS = YES;
				CLANG_WARN_DIRECT_OBJC_ISA_USAGE = YES_ERROR;
				CLANG_WARN_DOCUMENTATION_COMMENTS = YES;
				CLANG_WARN_EMPTY_BODY = YES;
				CLANG_WARN_ENUM_CONVERSION = YES;
				CLANG_WARN_INFINITE_RECURSION = YES;
				CLANG_WARN_INT_CONVERSION = YES;
				CLANG_WARN_NON_LITERAL_NULL_CONVERSION = YES;
				CLANG_WARN_OBJC_IMPLICIT_RETAIN_SELF = YES;
				CLANG_WARN_OBJC_LITERAL_CONVERSION = YES;
				CLANG_WARN_OBJC_ROOT_CLASS = YES_ERROR;
				CLANG_WARN_QUOTED_INCLUDE_IN_FRAMEWORK_HEADER = YES;
				CLANG_WARN_RANGE_LOOP_ANALYSIS = YES;
				CLANG_WARN_STRICT_PROTOTYPES = YES;
				CLANG_WARN_SUSPICIOUS_MOVE = YES;
				CLANG_WARN_UNGUARDED_AVAILABILITY = YES_AGGRESSIVE;
				CLANG_WARN_UNREACHABLE_CODE = YES;
				CLANG_WARN__DUPLICATE_METHOD_MATCH = YES;
				COPY_PHASE_STRIP = NO;
				DEBUG_INFORMATION_FORMAT = "dwarf-with-dsym";
				ENABLE_NS_ASSERTIONS = NO;
				ENABLE_STRICT_OBJC_MSGSEND = YES;
				GCC_C_LANGUAGE_STANDARD = gnu11;
				GCC_NO_COMMON_BLOCKS = YES;
				GCC_WARN_64_TO_32_BIT_CONVERSION = YES;
				GCC_WARN_ABOUT_RETURN_TYPE = YES_ERROR;
				GCC_WARN_UNDECLARED_SELECTOR = YES;
				GCC_WARN_UNINITIALIZED_AUTOS = YES_AGGRESSIVE;
				GCC_WARN_UNUSED_FUNCTION = YES;
				GCC_WARN_UNUSED_VARIABLE = YES;
				IPHONEOS_DEPLOYMENT_TARGET = 15.2;
				MTL_ENABLE_DEBUG_INFO = NO;
				MTL_FAST_MATH = YES;
				SDKROOT = iphoneos;
				SWIFT_COMPILATION_MODE = wholemodule;
				SWIFT_OPTIMIZATION_LEVEL = "-O";
				VALIDATE_PRODUCT = YES;
			};
			name = Release;
		};
		2D4BEA232809F6AB00F470F6 /* Debug */ = {
			isa = XCBuildConfiguration;
			buildSettings = {
				ASSETCATALOG_COMPILER_APPICON_NAME = AppIcon;
				ASSETCATALOG_COMPILER_GLOBAL_ACCENT_COLOR_NAME = AccentColor;
				CODE_SIGN_STYLE = Automatic;
				CURRENT_PROJECT_VERSION = 1;
				DEVELOPMENT_TEAM = AD98UST9PX;
				GENERATE_INFOPLIST_FILE = YES;
				INFOPLIST_KEY_NSCameraUsageDescription = "";
				INFOPLIST_KEY_UIApplicationSupportsIndirectInputEvents = YES;
				INFOPLIST_KEY_UILaunchStoryboardName = LaunchScreen;
				INFOPLIST_KEY_UIMainStoryboardFile = Main;
				INFOPLIST_KEY_UIRequiredDeviceCapabilities = arkit;
				INFOPLIST_KEY_UIStatusBarHidden = YES;
				INFOPLIST_KEY_UISupportedInterfaceOrientations_iPad = "UIInterfaceOrientationPortrait UIInterfaceOrientationPortraitUpsideDown UIInterfaceOrientationLandscapeLeft UIInterfaceOrientationLandscapeRight";
				INFOPLIST_KEY_UISupportedInterfaceOrientations_iPhone = "UIInterfaceOrientationPortrait UIInterfaceOrientationLandscapeLeft UIInterfaceOrientationLandscapeRight";
				LD_RUNPATH_SEARCH_PATHS = (
					"$(inherited)",
					"@executable_path/Frameworks",
				);
				MARKETING_VERSION = 1.0;
				PRODUCT_BUNDLE_IDENTIFIER = "com.Redtropol.Previews-V2";
				PRODUCT_NAME = "$(TARGET_NAME)";
				SWIFT_EMIT_LOC_STRINGS = YES;
				SWIFT_VERSION = 5.0;
				TARGETED_DEVICE_FAMILY = "1,2";
			};
			name = Debug;
		};
		2D4BEA242809F6AB00F470F6 /* Release */ = {
			isa = XCBuildConfiguration;
			buildSettings = {
				ASSETCATALOG_COMPILER_APPICON_NAME = AppIcon;
				ASSETCATALOG_COMPILER_GLOBAL_ACCENT_COLOR_NAME = AccentColor;
				CODE_SIGN_STYLE = Automatic;
				CURRENT_PROJECT_VERSION = 1;
				DEVELOPMENT_TEAM = AD98UST9PX;
				GENERATE_INFOPLIST_FILE = YES;
				INFOPLIST_KEY_NSCameraUsageDescription = "";
				INFOPLIST_KEY_UIApplicationSupportsIndirectInputEvents = YES;
				INFOPLIST_KEY_UILaunchStoryboardName = LaunchScreen;
				INFOPLIST_KEY_UIMainStoryboardFile = Main;
				INFOPLIST_KEY_UIRequiredDeviceCapabilities = arkit;
				INFOPLIST_KEY_UIStatusBarHidden = YES;
				INFOPLIST_KEY_UISupportedInterfaceOrientations_iPad = "UIInterfaceOrientationPortrait UIInterfaceOrientationPortraitUpsideDown UIInterfaceOrientationLandscapeLeft UIInterfaceOrientationLandscapeRight";
				INFOPLIST_KEY_UISupportedInterfaceOrientations_iPhone = "UIInterfaceOrientationPortrait UIInterfaceOrientationLandscapeLeft UIInterfaceOrientationLandscapeRight";
				LD_RUNPATH_SEARCH_PATHS = (
					"$(inherited)",
					"@executable_path/Frameworks",
				);
				MARKETING_VERSION = 1.0;
				PRODUCT_BUNDLE_IDENTIFIER = "com.Redtropol.Previews-V2";
				PRODUCT_NAME = "$(TARGET_NAME)";
				SWIFT_EMIT_LOC_STRINGS = YES;
				SWIFT_VERSION = 5.0;
				TARGETED_DEVICE_FAMILY = "1,2";
			};
			name = Release;
		};
		2D4BEA262809F6AB00F470F6 /* Debug */ = {
			isa = XCBuildConfiguration;
			buildSettings = {
				ALWAYS_EMBED_SWIFT_STANDARD_LIBRARIES = YES;
				BUNDLE_LOADER = "$(TEST_HOST)";
				CODE_SIGN_STYLE = Automatic;
				CURRENT_PROJECT_VERSION = 1;
				GENERATE_INFOPLIST_FILE = YES;
				IPHONEOS_DEPLOYMENT_TARGET = 15.2;
				MARKETING_VERSION = 1.0;
				PRODUCT_BUNDLE_IDENTIFIER = "com.Redtropol.Previews-V2Tests";
				PRODUCT_NAME = "$(TARGET_NAME)";
				SWIFT_EMIT_LOC_STRINGS = NO;
				SWIFT_VERSION = 5.0;
				TARGETED_DEVICE_FAMILY = "1,2";
				TEST_HOST = "$(BUILT_PRODUCTS_DIR)/Previews V2.app/Previews V2";
			};
			name = Debug;
		};
		2D4BEA272809F6AB00F470F6 /* Release */ = {
			isa = XCBuildConfiguration;
			buildSettings = {
				ALWAYS_EMBED_SWIFT_STANDARD_LIBRARIES = YES;
				BUNDLE_LOADER = "$(TEST_HOST)";
				CODE_SIGN_STYLE = Automatic;
				CURRENT_PROJECT_VERSION = 1;
				GENERATE_INFOPLIST_FILE = YES;
				IPHONEOS_DEPLOYMENT_TARGET = 15.2;
				MARKETING_VERSION = 1.0;
				PRODUCT_BUNDLE_IDENTIFIER = "com.Redtropol.Previews-V2Tests";
				PRODUCT_NAME = "$(TARGET_NAME)";
				SWIFT_EMIT_LOC_STRINGS = NO;
				SWIFT_VERSION = 5.0;
				TARGETED_DEVICE_FAMILY = "1,2";
				TEST_HOST = "$(BUILT_PRODUCTS_DIR)/Previews V2.app/Previews V2";
			};
			name = Release;
		};
		2D4BEA292809F6AB00F470F6 /* Debug */ = {
			isa = XCBuildConfiguration;
			buildSettings = {
				ALWAYS_EMBED_SWIFT_STANDARD_LIBRARIES = YES;
				CODE_SIGN_STYLE = Automatic;
				CURRENT_PROJECT_VERSION = 1;
				GENERATE_INFOPLIST_FILE = YES;
				MARKETING_VERSION = 1.0;
				PRODUCT_BUNDLE_IDENTIFIER = "com.Redtropol.Previews-V2UITests";
				PRODUCT_NAME = "$(TARGET_NAME)";
				SWIFT_EMIT_LOC_STRINGS = NO;
				SWIFT_VERSION = 5.0;
				TARGETED_DEVICE_FAMILY = "1,2";
				TEST_TARGET_NAME = "Previews V2";
			};
			name = Debug;
		};
		2D4BEA2A2809F6AB00F470F6 /* Release */ = {
			isa = XCBuildConfiguration;
			buildSettings = {
				ALWAYS_EMBED_SWIFT_STANDARD_LIBRARIES = YES;
				CODE_SIGN_STYLE = Automatic;
				CURRENT_PROJECT_VERSION = 1;
				GENERATE_INFOPLIST_FILE = YES;
				MARKETING_VERSION = 1.0;
				PRODUCT_BUNDLE_IDENTIFIER = "com.Redtropol.Previews-V2UITests";
				PRODUCT_NAME = "$(TARGET_NAME)";
				SWIFT_EMIT_LOC_STRINGS = NO;
				SWIFT_VERSION = 5.0;
				TARGETED_DEVICE_FAMILY = "1,2";
				TEST_TARGET_NAME = "Previews V2";
			};
			name = Release;
		};
/* End XCBuildConfiguration section */

/* Begin XCConfigurationList section */
		2D4BE9F42809F6A900F470F6 /* Build configuration list for PBXProject "Previews V2" */ = {
			isa = XCConfigurationList;
			buildConfigurations = (
				2D4BEA202809F6AB00F470F6 /* Debug */,
				2D4BEA212809F6AB00F470F6 /* Release */,
			);
			defaultConfigurationIsVisible = 0;
			defaultConfigurationName = Release;
		};
		2D4BEA222809F6AB00F470F6 /* Build configuration list for PBXNativeTarget "Previews V2" */ = {
			isa = XCConfigurationList;
			buildConfigurations = (
				2D4BEA232809F6AB00F470F6 /* Debug */,
				2D4BEA242809F6AB00F470F6 /* Release */,
			);
			defaultConfigurationIsVisible = 0;
			defaultConfigurationName = Release;
		};
		2D4BEA252809F6AB00F470F6 /* Build configuration list for PBXNativeTarget "Previews V2Tests" */ = {
			isa = XCConfigurationList;
			buildConfigurations = (
				2D4BEA262809F6AB00F470F6 /* Debug */,
				2D4BEA272809F6AB00F470F6 /* Release */,
			);
			defaultConfigurationIsVisible = 0;
			defaultConfigurationName = Release;
		};
		2D4BEA282809F6AB00F470F6 /* Build configuration list for PBXNativeTarget "Previews V2UITests" */ = {
			isa = XCConfigurationList;
			buildConfigurations = (
				2D4BEA292809F6AB00F470F6 /* Debug */,
				2D4BEA2A2809F6AB00F470F6 /* Release */,
			);
			defaultConfigurationIsVisible = 0;
			defaultConfigurationName = Release;
		};
/* End XCConfigurationList section */
	};
	rootObject = 2D4BE9F12809F6A900F470F6 /* Project object */;
}
